// !$*UTF8*$!
{
	archiveVersion = 1;
	classes = {
	};
	objectVersion = 56;
	objects = {

/* Begin PBXBuildFile section */
		9F01A2802AF295FB001E2FFB /* SpaceNewsApp.swift in Sources */ = {isa = PBXBuildFile; fileRef = 9F01A27F2AF295FB001E2FFB /* SpaceNewsApp.swift */; };
		9F01A2822AF295FB001E2FFB /* ContentView.swift in Sources */ = {isa = PBXBuildFile; fileRef = 9F01A2812AF295FB001E2FFB /* ContentView.swift */; };
		9F01A2842AF295FB001E2FFB /* Assets.xcassets in Resources */ = {isa = PBXBuildFile; fileRef = 9F01A2832AF295FB001E2FFB /* Assets.xcassets */; };
		9F01A2872AF295FB001E2FFB /* Preview Assets.xcassets in Resources */ = {isa = PBXBuildFile; fileRef = 9F01A2862AF295FB001E2FFB /* Preview Assets.xcassets */; };
		9F01A28F2AF2967A001E2FFB /* Alamofire in Frameworks */ = {isa = PBXBuildFile; productRef = 9F01A28E2AF2967A001E2FFB /* Alamofire */; };
		9F01A2932AF296E8001E2FFB /* SpaceModel.swift in Sources */ = {isa = PBXBuildFile; fileRef = 9F01A2922AF296E8001E2FFB /* SpaceModel.swift */; };
		9F01A2962AF29716001E2FFB /* MainScreen.swift in Sources */ = {isa = PBXBuildFile; fileRef = 9F01A2952AF29716001E2FFB /* MainScreen.swift */; };
		9F01A2992AF29DC6001E2FFB /* Kingfisher in Frameworks */ = {isa = PBXBuildFile; productRef = 9F01A2982AF29DC6001E2FFB /* Kingfisher */; };
/* End PBXBuildFile section */

/* Begin PBXFileReference section */
		9F01A27C2AF295FB001E2FFB /* SpaceNews.app */ = {isa = PBXFileReference; explicitFileType = wrapper.application; includeInIndex = 0; path = SpaceNews.app; sourceTree = BUILT_PRODUCTS_DIR; };
		9F01A27F2AF295FB001E2FFB /* SpaceNewsApp.swift */ = {isa = PBXFileReference; lastKnownFileType = sourcecode.swift; path = SpaceNewsApp.swift; sourceTree = "<group>"; };
		9F01A2812AF295FB001E2FFB /* ContentView.swift */ = {isa = PBXFileReference; lastKnownFileType = sourcecode.swift; path = ContentView.swift; sourceTree = "<group>"; };
		9F01A2832AF295FB001E2FFB /* Assets.xcassets */ = {isa = PBXFileReference; lastKnownFileType = folder.assetcatalog; path = Assets.xcassets; sourceTree = "<group>"; };
		9F01A2862AF295FB001E2FFB /* Preview Assets.xcassets */ = {isa = PBXFileReference; lastKnownFileType = folder.assetcatalog; path = "Preview Assets.xcassets"; sourceTree = "<group>"; };
		9F01A2922AF296E8001E2FFB /* SpaceModel.swift */ = {isa = PBXFileReference; lastKnownFileType = sourcecode.swift; path = SpaceModel.swift; sourceTree = "<group>"; };
		9F01A2952AF29716001E2FFB /* MainScreen.swift */ = {isa = PBXFileReference; lastKnownFileType = sourcecode.swift; path = MainScreen.swift; sourceTree = "<group>"; };
/* End PBXFileReference section */

/* Begin PBXFrameworksBuildPhase section */
		9F01A2792AF295FB001E2FFB /* Frameworks */ = {
			isa = PBXFrameworksBuildPhase;
			buildActionMask = 2147483647;
			files = (
				9F01A2992AF29DC6001E2FFB /* Kingfisher in Frameworks */,
				9F01A28F2AF2967A001E2FFB /* Alamofire in Frameworks */,
			);
			runOnlyForDeploymentPostprocessing = 0;
		};
/* End PBXFrameworksBuildPhase section */

/* Begin PBXGroup section */
		9F01A2732AF295FB001E2FFB = {
			isa = PBXGroup;
			children = (
				9F01A27E2AF295FB001E2FFB /* SpaceNews */,
				9F01A27D2AF295FB001E2FFB /* Products */,
			);
			sourceTree = "<group>";
		};
		9F01A27D2AF295FB001E2FFB /* Products */ = {
			isa = PBXGroup;
			children = (
				9F01A27C2AF295FB001E2FFB /* SpaceNews.app */,
			);
			name = Products;
			sourceTree = "<group>";
		};
		9F01A27E2AF295FB001E2FFB /* SpaceNews */ = {
			isa = PBXGroup;
			children = (
				9F01A2942AF2970A001E2FFB /* MainScreen */,
				9F01A2912AF296D9001E2FFB /* Model */,
				9F01A2902AF296C6001E2FFB /* View */,
				9F01A27F2AF295FB001E2FFB /* SpaceNewsApp.swift */,
				9F01A2832AF295FB001E2FFB /* Assets.xcassets */,
				9F01A2852AF295FB001E2FFB /* Preview Content */,
			);
			path = SpaceNews;
			sourceTree = "<group>";
		};
		9F01A2852AF295FB001E2FFB /* Preview Content */ = {
			isa = PBXGroup;
			children = (
				9F01A2862AF295FB001E2FFB /* Preview Assets.xcassets */,
			);
			path = "Preview Content";
			sourceTree = "<group>";
		};
		9F01A2902AF296C6001E2FFB /* View */ = {
			isa = PBXGroup;
			children = (
				9F01A2812AF295FB001E2FFB /* ContentView.swift */,
			);
			path = View;
			sourceTree = "<group>";
		};
		9F01A2912AF296D9001E2FFB /* Model */ = {
			isa = PBXGroup;
			children = (
				9F01A2922AF296E8001E2FFB /* SpaceModel.swift */,
			);
			path = Model;
			sourceTree = "<group>";
		};
		9F01A2942AF2970A001E2FFB /* MainScreen */ = {
			isa = PBXGroup;
			children = (
				9F01A2952AF29716001E2FFB /* MainScreen.swift */,
			);
			path = MainScreen;
			sourceTree = "<group>";
		};
/* End PBXGroup section */

/* Begin PBXNativeTarget section */
		9F01A27B2AF295FB001E2FFB /* SpaceNews */ = {
			isa = PBXNativeTarget;
			buildConfigurationList = 9F01A28A2AF295FB001E2FFB /* Build configuration list for PBXNativeTarget "SpaceNews" */;
			buildPhases = (
				9F01A2782AF295FB001E2FFB /* Sources */,
				9F01A2792AF295FB001E2FFB /* Frameworks */,
				9F01A27A2AF295FB001E2FFB /* Resources */,
			);
			buildRules = (
			);
			dependencies = (
			);
			name = SpaceNews;
			packageProductDependencies = (
				9F01A28E2AF2967A001E2FFB /* Alamofire */,
				9F01A2982AF29DC6001E2FFB /* Kingfisher */,
			);
			productName = SpaceNews;
			productReference = 9F01A27C2AF295FB001E2FFB /* SpaceNews.app */;
			productType = "com.apple.product-type.application";
		};
/* End PBXNativeTarget section */

/* Begin PBXProject section */
		9F01A2742AF295FB001E2FFB /* Project object */ = {
			isa = PBXProject;
			attributes = {
				BuildIndependentTargetsInParallel = 1;
				LastSwiftUpdateCheck = 1420;
				LastUpgradeCheck = 1420;
				TargetAttributes = {
					9F01A27B2AF295FB001E2FFB = {
						CreatedOnToolsVersion = 14.2;
					};
				};
			};
			buildConfigurationList = 9F01A2772AF295FB001E2FFB /* Build configuration list for PBXProject "SpaceNews" */;
			compatibilityVersion = "Xcode 14.0";
			developmentRegion = en;
			hasScannedForEncodings = 0;
			knownRegions = (
				en,
				Base,
			);
			mainGroup = 9F01A2732AF295FB001E2FFB;
			packageReferences = (
				9F01A28D2AF2967A001E2FFB /* XCRemoteSwiftPackageReference "Alamofire" */,
				9F01A2972AF29DC6001E2FFB /* XCRemoteSwiftPackageReference "Kingfisher" */,
			);
			productRefGroup = 9F01A27D2AF295FB001E2FFB /* Products */;
			projectDirPath = "";
			projectRoot = "";
			targets = (
				9F01A27B2AF295FB001E2FFB /* SpaceNews */,
			);
		};
/* End PBXProject section */

/* Begin PBXResourcesBuildPhase section */
		9F01A27A2AF295FB001E2FFB /* Resources */ = {
			isa = PBXResourcesBuildPhase;
			buildActionMask = 2147483647;
			files = (
				9F01A2872AF295FB001E2FFB /* Preview Assets.xcassets in Resources */,
				9F01A2842AF295FB001E2FFB /* Assets.xcassets in Resources */,
			);
			runOnlyForDeploymentPostprocessing = 0;
		};
/* End PBXResourcesBuildPhase section */

/* Begin PBXSourcesBuildPhase section */
		9F01A2782AF295FB001E2FFB /* Sources */ = {
			isa = PBXSourcesBuildPhase;
			buildActionMask = 2147483647;
			files = (
				9F01A2962AF29716001E2FFB /* MainScreen.swift in Sources */,
				9F01A2822AF295FB001E2FFB /* ContentView.swift in Sources */,
				9F01A2802AF295FB001E2FFB /* SpaceNewsApp.swift in Sources */,
				9F01A2932AF296E8001E2FFB /* SpaceModel.swift in Sources */,
			);
			runOnlyForDeploymentPostprocessing = 0;
		};
/* End PBXSourcesBuildPhase section */

/* Begin XCBuildConfiguration section */
		9F01A2882AF295FB001E2FFB /* Debug */ = {
			isa = XCBuildConfiguration;
			buildSettings = {
				ALWAYS_SEARCH_USER_PATHS = NO;
				CLANG_ANALYZER_NONNULL = YES;
				CLANG_ANALYZER_NUMBER_OBJECT_CONVERSION = YES_AGGRESSIVE;
				CLANG_CXX_LANGUAGE_STANDARD = "gnu++20";
				CLANG_ENABLE_MODULES = YES;
				CLANG_ENABLE_OBJC_ARC = YES;
				CLANG_ENABLE_OBJC_WEAK = YES;
				CLANG_WARN_BLOCK_CAPTURE_AUTORELEASING = YES;
				CLANG_WARN_BOOL_CONVERSION = YES;
				CLANG_WARN_COMMA = YES;
				CLANG_WARN_CONSTANT_CONVERSION = YES;
				CLANG_WARN_DEPRECATED_OBJC_IMPLEMENTATIONS = YES;
				CLANG_WARN_DIRECT_OBJC_ISA_USAGE = YES_ERROR;
				CLANG_WARN_DOCUMENTATION_COMMENTS = YES;
				CLANG_WARN_EMPTY_BODY = YES;
				CLANG_WARN_ENUM_CONVERSION = YES;
				CLANG_WARN_INFINITE_RECURSION = YES;
				CLANG_WARN_INT_CONVERSION = YES;
				CLANG_WARN_NON_LITERAL_NULL_CONVERSION = YES;
				CLANG_WARN_OBJC_IMPLICIT_RETAIN_SELF = YES;
				CLANG_WARN_OBJC_LITERAL_CONVERSION = YES;
				CLANG_WARN_OBJC_ROOT_CLASS = YES_ERROR;
				CLANG_WARN_QUOTED_INCLUDE_IN_FRAMEWORK_HEADER = YES;
				CLANG_WARN_RANGE_LOOP_ANALYSIS = YES;
				CLANG_WARN_STRICT_PROTOTYPES = YES;
				CLANG_WARN_SUSPICIOUS_MOVE = YES;
				CLANG_WARN_UNGUARDED_AVAILABILITY = YES_AGGRESSIVE;
				CLANG_WARN_UNREACHABLE_CODE = YES;
				CLANG_WARN__DUPLICATE_METHOD_MATCH = YES;
				COPY_PHASE_STRIP = NO;
				DEBUG_INFORMATION_FORMAT = dwarf;
				ENABLE_STRICT_OBJC_MSGSEND = YES;
				ENABLE_TESTABILITY = YES;
				GCC_C_LANGUAGE_STANDARD = gnu11;
				GCC_DYNAMIC_NO_PIC = NO;
				GCC_NO_COMMON_BLOCKS = YES;
				GCC_OPTIMIZATION_LEVEL = 0;
				GCC_PREPROCESSOR_DEFINITIONS = (
					"DEBUG=1",
					"$(inherited)",
				);
				GCC_WARN_64_TO_32_BIT_CONVERSION = YES;
				GCC_WARN_ABOUT_RETURN_TYPE = YES_ERROR;
				GCC_WARN_UNDECLARED_SELECTOR = YES;
				GCC_WARN_UNINITIALIZED_AUTOS = YES_AGGRESSIVE;
				GCC_WARN_UNUSED_FUNCTION = YES;
				GCC_WARN_UNUSED_VARIABLE = YES;
				IPHONEOS_DEPLOYMENT_TARGET = 16.2;
				MTL_ENABLE_DEBUG_INFO = INCLUDE_SOURCE;
				MTL_FAST_MATH = YES;
				ONLY_ACTIVE_ARCH = YES;
				SDKROOT = iphoneos;
				SWIFT_ACTIVE_COMPILATION_CONDITIONS = DEBUG;
				SWIFT_OPTIMIZATION_LEVEL = "-Onone";
			};
			name = Debug;
		};
		9F01A2892AF295FB001E2FFB /* Release */ = {
			isa = XCBuildConfiguration;
			buildSettings = {
				ALWAYS_SEARCH_USER_PATHS = NO;
				CLANG_ANALYZER_NONNULL = YES;
				CLANG_ANALYZER_NUMBER_OBJECT_CONVERSION = YES_AGGRESSIVE;
				CLANG_CXX_LANGUAGE_STANDARD = "gnu++20";
				CLANG_ENABLE_MODULES = YES;
				CLANG_ENABLE_OBJC_ARC = YES;
				CLANG_ENABLE_OBJC_WEAK = YES;
				CLANG_WARN_BLOCK_CAPTURE_AUTORELEASING = YES;
				CLANG_WARN_BOOL_CONVERSION = YES;
				CLANG_WARN_COMMA = YES;
				CLANG_WARN_CONSTANT_CONVERSION = YES;
				CLANG_WARN_DEPRECATED_OBJC_IMPLEMENTATIONS = YES;
				CLANG_WARN_DIRECT_OBJC_ISA_USAGE = YES_ERROR;
				CLANG_WARN_DOCUMENTATION_COMMENTS = YES;
				CLANG_WARN_EMPTY_BODY = YES;
				CLANG_WARN_ENUM_CONVERSION = YES;
				CLANG_WARN_INFINITE_RECURSION = YES;
				CLANG_WARN_INT_CONVERSION = YES;
				CLANG_WARN_NON_LITERAL_NULL_CONVERSION = YES;
				CLANG_WARN_OBJC_IMPLICIT_RETAIN_SELF = YES;
				CLANG_WARN_OBJC_LITERAL_CONVERSION = YES;
				CLANG_WARN_OBJC_ROOT_CLASS = YES_ERROR;
				CLANG_WARN_QUOTED_INCLUDE_IN_FRAMEWORK_HEADER = YES;
				CLANG_WARN_RANGE_LOOP_ANALYSIS = YES;
				CLANG_WARN_STRICT_PROTOTYPES = YES;
				CLANG_WARN_SUSPICIOUS_MOVE = YES;
				CLANG_WARN_UNGUARDED_AVAILABILITY = YES_AGGRESSIVE;
				CLANG_WARN_UNREACHABLE_CODE = YES;
				CLANG_WARN__DUPLICATE_METHOD_MATCH = YES;
				COPY_PHASE_STRIP = NO;
				DEBUG_INFORMATION_FORMAT = "dwarf-with-dsym";
				ENABLE_NS_ASSERTIONS = NO;
				ENABLE_STRICT_OBJC_MSGSEND = YES;
				GCC_C_LANGUAGE_STANDARD = gnu11;
				GCC_NO_COMMON_BLOCKS = YES;
				GCC_WARN_64_TO_32_BIT_CONVERSION = YES;
				GCC_WARN_ABOUT_RETURN_TYPE = YES_ERROR;
				GCC_WARN_UNDECLARED_SELECTOR = YES;
				GCC_WARN_UNINITIALIZED_AUTOS = YES_AGGRESSIVE;
				GCC_WARN_UNUSED_FUNCTION = YES;
				GCC_WARN_UNUSED_VARIABLE = YES;
				IPHONEOS_DEPLOYMENT_TARGET = 16.2;
				MTL_ENABLE_DEBUG_INFO = NO;
				MTL_FAST_MATH = YES;
				SDKROOT = iphoneos;
				SWIFT_COMPILATION_MODE = wholemodule;
				SWIFT_OPTIMIZATION_LEVEL = "-O";
				VALIDATE_PRODUCT = YES;
			};
			name = Release;
		};
		9F01A28B2AF295FB001E2FFB /* Debug */ = {
			isa = XCBuildConfiguration;
			buildSettings = {
				ASSETCATALOG_COMPILER_APPICON_NAME = AppIcon;
				ASSETCATALOG_COMPILER_GLOBAL_ACCENT_COLOR_NAME = AccentColor;
				CODE_SIGN_STYLE = Automatic;
				CURRENT_PROJECT_VERSION = 1;
				DEVELOPMENT_ASSET_PATHS = "\"SpaceNews/Preview Content\"";
				DEVELOPMENT_TEAM = 9MRPQM82W5;
				ENABLE_PREVIEWS = YES;
				GENERATE_INFOPLIST_FILE = YES;
				INFOPLIST_KEY_UIApplicationSceneManifest_Generation = YES;
				INFOPLIST_KEY_UIApplicationSupportsIndirectInputEvents = YES;
				INFOPLIST_KEY_UILaunchScreen_Generation = YES;
				INFOPLIST_KEY_UISupportedInterfaceOrientations_iPad = "UIInterfaceOrientationPortrait UIInterfaceOrientationPortraitUpsideDown UIInterfaceOrientationLandscapeLeft UIInterfaceOrientationLandscapeRight";
				INFOPLIST_KEY_UISupportedInterfaceOrientations_iPhone = "UIInterfaceOrientationPortrait UIInterfaceOrientationLandscapeLeft UIInterfaceOrientationLandscapeRight";
				LD_RUNPATH_SEARCH_PATHS = (
					"$(inherited)",
					"@executable_path/Frameworks",
				);
				MARKETING_VERSION = 1.0;
				PRODUCT_BUNDLE_IDENTIFIER = terso34.SpaceNews;
				PRODUCT_NAME = "$(TARGET_NAME)";
				SWIFT_EMIT_LOC_STRINGS = YES;
				SWIFT_VERSION = 5.0;
				TARGETED_DEVICE_FAMILY = "1,2";
			};
			name = Debug;
		};
		9F01A28C2AF295FB001E2FFB /* Release */ = {
			isa = XCBuildConfiguration;
			buildSettings = {
				ASSETCATALOG_COMPILER_APPICON_NAME = AppIcon;
				ASSETCATALOG_COMPILER_GLOBAL_ACCENT_COLOR_NAME = AccentColor;
				CODE_SIGN_STYLE = Automatic;
				CURRENT_PROJECT_VERSION = 1;
				DEVELOPMENT_ASSET_PATHS = "\"SpaceNews/Preview Content\"";
				DEVELOPMENT_TEAM = 9MRPQM82W5;
				ENABLE_PREVIEWS = YES;
				GENERATE_INFOPLIST_FILE = YES;
				INFOPLIST_KEY_UIApplicationSceneManifest_Generation = YES;
				INFOPLIST_KEY_UIApplicationSupportsIndirectInputEvents = YES;
				INFOPLIST_KEY_UILaunchScreen_Generation = YES;
				INFOPLIST_KEY_UISupportedInterfaceOrientations_iPad = "UIInterfaceOrientationPortrait UIInterfaceOrientationPortraitUpsideDown UIInterfaceOrientationLandscapeLeft UIInterfaceOrientationLandscapeRight";
				INFOPLIST_KEY_UISupportedInterfaceOrientations_iPhone = "UIInterfaceOrientationPortrait UIInterfaceOrientationLandscapeLeft UIInterfaceOrientationLandscapeRight";
				LD_RUNPATH_SEARCH_PATHS = (
					"$(inherited)",
					"@executable_path/Frameworks",
				);
				MARKETING_VERSION = 1.0;
				PRODUCT_BUNDLE_IDENTIFIER = terso34.SpaceNews;
				PRODUCT_NAME = "$(TARGET_NAME)";
				SWIFT_EMIT_LOC_STRINGS = YES;
				SWIFT_VERSION = 5.0;
				TARGETED_DEVICE_FAMILY = "1,2";
			};
			name = Release;
		};
/* End XCBuildConfiguration section */

/* Begin XCConfigurationList section */
		9F01A2772AF295FB001E2FFB /* Build configuration list for PBXProject "SpaceNews" */ = {
			isa = XCConfigurationList;
			buildConfigurations = (
				9F01A2882AF295FB001E2FFB /* Debug */,
				9F01A2892AF295FB001E2FFB /* Release */,
			);
			defaultConfigurationIsVisible = 0;
			defaultConfigurationName = Release;
		};
		9F01A28A2AF295FB001E2FFB /* Build configuration list for PBXNativeTarget "SpaceNews" */ = {
			isa = XCConfigurationList;
			buildConfigurations = (
				9F01A28B2AF295FB001E2FFB /* Debug */,
				9F01A28C2AF295FB001E2FFB /* Release */,
			);
			defaultConfigurationIsVisible = 0;
			defaultConfigurationName = Release;
		};
/* End XCConfigurationList section */

/* Begin XCRemoteSwiftPackageReference section */
		9F01A28D2AF2967A001E2FFB /* XCRemoteSwiftPackageReference "Alamofire" */ = {
			isa = XCRemoteSwiftPackageReference;
			repositoryURL = "https://github.com/Alamofire/Alamofire.git";
			requirement = {
				kind = upToNextMajorVersion;
				minimumVersion = 5.0.0;
			};
		};
		9F01A2972AF29DC6001E2FFB /* XCRemoteSwiftPackageReference "Kingfisher" */ = {
			isa = XCRemoteSwiftPackageReference;
			repositoryURL = "https://github.com/onevcat/Kingfisher.git";
			requirement = {
				kind = upToNextMajorVersion;
				minimumVersion = 7.0.0;
			};
		};
/* End XCRemoteSwiftPackageReference section */

/* Begin XCSwiftPackageProductDependency section */
		9F01A28E2AF2967A001E2FFB /* Alamofire */ = {
			isa = XCSwiftPackageProductDependency;
			package = 9F01A28D2AF2967A001E2FFB /* XCRemoteSwiftPackageReference "Alamofire" */;
			productName = Alamofire;
		};
		9F01A2982AF29DC6001E2FFB /* Kingfisher */ = {
			isa = XCSwiftPackageProductDependency;
			package = 9F01A2972AF29DC6001E2FFB /* XCRemoteSwiftPackageReference "Kingfisher" */;
			productName = Kingfisher;
		};
/* End XCSwiftPackageProductDependency section */
	};
	rootObject = 9F01A2742AF295FB001E2FFB /* Project object */;
}
